// !$*UTF8*$!
{
	archiveVersion = 1;
	classes = {
	};
	objectVersion = 50;
	objects = {

/* Begin PBXBuildFile section */
		6C6BC3B425D501DE0009CBC5 /* ZCPasswordItem.m in Sources */ = {isa = PBXBuildFile; fileRef = 6C6BC3B025D501DE0009CBC5 /* ZCPasswordItem.m */; };
		6C6BC3B525D501DE0009CBC5 /* ZCPasswordTextField.m in Sources */ = {isa = PBXBuildFile; fileRef = 6C6BC3B325D501DE0009CBC5 /* ZCPasswordTextField.m */; };
		6C83163B25B81A24008EE08F /* TestViewController.m in Sources */ = {isa = PBXBuildFile; fileRef = 6C83163925B81A24008EE08F /* TestViewController.m */; };
		6CD8739C25B758B50009F2EC /* AppDelegate.m in Sources */ = {isa = PBXBuildFile; fileRef = 6CD8739B25B758B50009F2EC /* AppDelegate.m */; };
		6CD8739F25B758B50009F2EC /* SceneDelegate.m in Sources */ = {isa = PBXBuildFile; fileRef = 6CD8739E25B758B50009F2EC /* SceneDelegate.m */; };
		6CD873A225B758B50009F2EC /* ViewController.m in Sources */ = {isa = PBXBuildFile; fileRef = 6CD873A125B758B50009F2EC /* ViewController.m */; };
		6CD873A525B758B50009F2EC /* Main.storyboard in Resources */ = {isa = PBXBuildFile; fileRef = 6CD873A325B758B50009F2EC /* Main.storyboard */; };
		6CD873A725B758B90009F2EC /* Assets.xcassets in Resources */ = {isa = PBXBuildFile; fileRef = 6CD873A625B758B90009F2EC /* Assets.xcassets */; };
		6CD873AA25B758B90009F2EC /* LaunchScreen.storyboard in Resources */ = {isa = PBXBuildFile; fileRef = 6CD873A825B758B90009F2EC /* LaunchScreen.storyboard */; };
		6CD873AD25B758B90009F2EC /* main.m in Sources */ = {isa = PBXBuildFile; fileRef = 6CD873AC25B758B90009F2EC /* main.m */; };
		6CD873B725B758B90009F2EC /* ZCPasswordTextFieldTests.m in Sources */ = {isa = PBXBuildFile; fileRef = 6CD873B625B758B90009F2EC /* ZCPasswordTextFieldTests.m */; };
		6CD873C225B758B90009F2EC /* ZCPasswordTextFieldUITests.m in Sources */ = {isa = PBXBuildFile; fileRef = 6CD873C125B758B90009F2EC /* ZCPasswordTextFieldUITests.m */; };
/* End PBXBuildFile section */

/* Begin PBXContainerItemProxy section */
		6CD873B325B758B90009F2EC /* PBXContainerItemProxy */ = {
			isa = PBXContainerItemProxy;
			containerPortal = 6CD8738F25B758B50009F2EC /* Project object */;
			proxyType = 1;
			remoteGlobalIDString = 6CD8739625B758B50009F2EC;
			remoteInfo = ZCPasswordTextField;
		};
		6CD873BE25B758B90009F2EC /* PBXContainerItemProxy */ = {
			isa = PBXContainerItemProxy;
			containerPortal = 6CD8738F25B758B50009F2EC /* Project object */;
			proxyType = 1;
			remoteGlobalIDString = 6CD8739625B758B50009F2EC;
			remoteInfo = ZCPasswordTextField;
		};
/* End PBXContainerItemProxy section */

/* Begin PBXFileReference section */
		6C6BC3B025D501DE0009CBC5 /* ZCPasswordItem.m */ = {isa = PBXFileReference; fileEncoding = 4; lastKnownFileType = sourcecode.c.objc; path = ZCPasswordItem.m; sourceTree = "<group>"; };
		6C6BC3B125D501DE0009CBC5 /* ZCPasswordTextField.h */ = {isa = PBXFileReference; fileEncoding = 4; lastKnownFileType = sourcecode.c.h; path = ZCPasswordTextField.h; sourceTree = "<group>"; };
		6C6BC3B225D501DE0009CBC5 /* ZCPasswordItem.h */ = {isa = PBXFileReference; fileEncoding = 4; lastKnownFileType = sourcecode.c.h; path = ZCPasswordItem.h; sourceTree = "<group>"; };
		6C6BC3B325D501DE0009CBC5 /* ZCPasswordTextField.m */ = {isa = PBXFileReference; fileEncoding = 4; lastKnownFileType = sourcecode.c.objc; path = ZCPasswordTextField.m; sourceTree = "<group>"; };
		6C83163825B81A24008EE08F /* TestViewController.h */ = {isa = PBXFileReference; lastKnownFileType = sourcecode.c.h; path = TestViewController.h; sourceTree = "<group>"; };
		6C83163925B81A24008EE08F /* TestViewController.m */ = {isa = PBXFileReference; lastKnownFileType = sourcecode.c.objc; path = TestViewController.m; sourceTree = "<group>"; };
		6CD8739725B758B50009F2EC /* ZCPasswordTextField.app */ = {isa = PBXFileReference; explicitFileType = wrapper.application; includeInIndex = 0; path = ZCPasswordTextField.app; sourceTree = BUILT_PRODUCTS_DIR; };
		6CD8739A25B758B50009F2EC /* AppDelegate.h */ = {isa = PBXFileReference; lastKnownFileType = sourcecode.c.h; path = AppDelegate.h; sourceTree = "<group>"; };
		6CD8739B25B758B50009F2EC /* AppDelegate.m */ = {isa = PBXFileReference; lastKnownFileType = sourcecode.c.objc; path = AppDelegate.m; sourceTree = "<group>"; };
		6CD8739D25B758B50009F2EC /* SceneDelegate.h */ = {isa = PBXFileReference; lastKnownFileType = sourcecode.c.h; path = SceneDelegate.h; sourceTree = "<group>"; };
		6CD8739E25B758B50009F2EC /* SceneDelegate.m */ = {isa = PBXFileReference; lastKnownFileType = sourcecode.c.objc; path = SceneDelegate.m; sourceTree = "<group>"; };
		6CD873A025B758B50009F2EC /* ViewController.h */ = {isa = PBXFileReference; lastKnownFileType = sourcecode.c.h; path = ViewController.h; sourceTree = "<group>"; };
		6CD873A125B758B50009F2EC /* ViewController.m */ = {isa = PBXFileReference; lastKnownFileType = sourcecode.c.objc; path = ViewController.m; sourceTree = "<group>"; };
		6CD873A425B758B50009F2EC /* Base */ = {isa = PBXFileReference; lastKnownFileType = file.storyboard; name = Base; path = Base.lproj/Main.storyboard; sourceTree = "<group>"; };
		6CD873A625B758B90009F2EC /* Assets.xcassets */ = {isa = PBXFileReference; lastKnownFileType = folder.assetcatalog; path = Assets.xcassets; sourceTree = "<group>"; };
		6CD873A925B758B90009F2EC /* Base */ = {isa = PBXFileReference; lastKnownFileType = file.storyboard; name = Base; path = Base.lproj/LaunchScreen.storyboard; sourceTree = "<group>"; };
		6CD873AB25B758B90009F2EC /* Info.plist */ = {isa = PBXFileReference; lastKnownFileType = text.plist.xml; path = Info.plist; sourceTree = "<group>"; };
		6CD873AC25B758B90009F2EC /* main.m */ = {isa = PBXFileReference; lastKnownFileType = sourcecode.c.objc; path = main.m; sourceTree = "<group>"; };
		6CD873B225B758B90009F2EC /* ZCPasswordTextFieldTests.xctest */ = {isa = PBXFileReference; explicitFileType = wrapper.cfbundle; includeInIndex = 0; path = ZCPasswordTextFieldTests.xctest; sourceTree = BUILT_PRODUCTS_DIR; };
		6CD873B625B758B90009F2EC /* ZCPasswordTextFieldTests.m */ = {isa = PBXFileReference; lastKnownFileType = sourcecode.c.objc; path = ZCPasswordTextFieldTests.m; sourceTree = "<group>"; };
		6CD873B825B758B90009F2EC /* Info.plist */ = {isa = PBXFileReference; lastKnownFileType = text.plist.xml; path = Info.plist; sourceTree = "<group>"; };
		6CD873BD25B758B90009F2EC /* ZCPasswordTextFieldUITests.xctest */ = {isa = PBXFileReference; explicitFileType = wrapper.cfbundle; includeInIndex = 0; path = ZCPasswordTextFieldUITests.xctest; sourceTree = BUILT_PRODUCTS_DIR; };
		6CD873C125B758B90009F2EC /* ZCPasswordTextFieldUITests.m */ = {isa = PBXFileReference; lastKnownFileType = sourcecode.c.objc; path = ZCPasswordTextFieldUITests.m; sourceTree = "<group>"; };
		6CD873C325B758B90009F2EC /* Info.plist */ = {isa = PBXFileReference; lastKnownFileType = text.plist.xml; path = Info.plist; sourceTree = "<group>"; };
/* End PBXFileReference section */

/* Begin PBXFrameworksBuildPhase section */
		6CD8739425B758B50009F2EC /* Frameworks */ = {
			isa = PBXFrameworksBuildPhase;
			buildActionMask = 2147483647;
			files = (
			);
			runOnlyForDeploymentPostprocessing = 0;
		};
		6CD873AF25B758B90009F2EC /* Frameworks */ = {
			isa = PBXFrameworksBuildPhase;
			buildActionMask = 2147483647;
			files = (
			);
			runOnlyForDeploymentPostprocessing = 0;
		};
		6CD873BA25B758B90009F2EC /* Frameworks */ = {
			isa = PBXFrameworksBuildPhase;
			buildActionMask = 2147483647;
			files = (
			);
			runOnlyForDeploymentPostprocessing = 0;
		};
/* End PBXFrameworksBuildPhase section */

/* Begin PBXGroup section */
		6C6BC3AF25D501AD0009CBC5 /* ZCPasswordTextField */ = {
			isa = PBXGroup;
			children = (
				6C6BC3B125D501DE0009CBC5 /* ZCPasswordTextField.h */,
				6C6BC3B325D501DE0009CBC5 /* ZCPasswordTextField.m */,
				6C6BC3B225D501DE0009CBC5 /* ZCPasswordItem.h */,
				6C6BC3B025D501DE0009CBC5 /* ZCPasswordItem.m */,
			);
			path = ZCPasswordTextField;
			sourceTree = "<group>";
		};
		6CD8738E25B758B50009F2EC = {
			isa = PBXGroup;
			children = (
				6CD8739925B758B50009F2EC /* ZCPasswordTextField */,
				6CD873B525B758B90009F2EC /* ZCPasswordTextFieldTests */,
				6CD873C025B758B90009F2EC /* ZCPasswordTextFieldUITests */,
				6CD8739825B758B50009F2EC /* Products */,
			);
			sourceTree = "<group>";
		};
		6CD8739825B758B50009F2EC /* Products */ = {
			isa = PBXGroup;
			children = (
				6CD8739725B758B50009F2EC /* ZCPasswordTextField.app */,
				6CD873B225B758B90009F2EC /* ZCPasswordTextFieldTests.xctest */,
				6CD873BD25B758B90009F2EC /* ZCPasswordTextFieldUITests.xctest */,
			);
			name = Products;
			sourceTree = "<group>";
		};
		6CD8739925B758B50009F2EC /* ZCPasswordTextField */ = {
			isa = PBXGroup;
			children = (
				6CD8739A25B758B50009F2EC /* AppDelegate.h */,
				6CD8739B25B758B50009F2EC /* AppDelegate.m */,
				6CD8739D25B758B50009F2EC /* SceneDelegate.h */,
				6CD8739E25B758B50009F2EC /* SceneDelegate.m */,
				6CD873A025B758B50009F2EC /* ViewController.h */,
				6CD873A125B758B50009F2EC /* ViewController.m */,
				6C83163825B81A24008EE08F /* TestViewController.h */,
				6C83163925B81A24008EE08F /* TestViewController.m */,
				6C6BC3AF25D501AD0009CBC5 /* ZCPasswordTextField */,
				6CD873A325B758B50009F2EC /* Main.storyboard */,
				6CD873A625B758B90009F2EC /* Assets.xcassets */,
				6CD873A825B758B90009F2EC /* LaunchScreen.storyboard */,
				6CD873AB25B758B90009F2EC /* Info.plist */,
				6CD873AC25B758B90009F2EC /* main.m */,
			);
			path = ZCPasswordTextField;
			sourceTree = "<group>";
		};
		6CD873B525B758B90009F2EC /* ZCPasswordTextFieldTests */ = {
			isa = PBXGroup;
			children = (
				6CD873B625B758B90009F2EC /* ZCPasswordTextFieldTests.m */,
				6CD873B825B758B90009F2EC /* Info.plist */,
			);
			path = ZCPasswordTextFieldTests;
			sourceTree = "<group>";
		};
		6CD873C025B758B90009F2EC /* ZCPasswordTextFieldUITests */ = {
			isa = PBXGroup;
			children = (
				6CD873C125B758B90009F2EC /* ZCPasswordTextFieldUITests.m */,
				6CD873C325B758B90009F2EC /* Info.plist */,
			);
			path = ZCPasswordTextFieldUITests;
			sourceTree = "<group>";
		};
/* End PBXGroup section */

/* Begin PBXNativeTarget section */
		6CD8739625B758B50009F2EC /* ZCPasswordTextField */ = {
			isa = PBXNativeTarget;
			buildConfigurationList = 6CD873C625B758B90009F2EC /* Build configuration list for PBXNativeTarget "ZCPasswordTextField" */;
			buildPhases = (
				6CD8739325B758B50009F2EC /* Sources */,
				6CD8739425B758B50009F2EC /* Frameworks */,
				6CD8739525B758B50009F2EC /* Resources */,
			);
			buildRules = (
			);
			dependencies = (
			);
			name = ZCPasswordTextField;
			productName = ZCPasswordTextField;
			productReference = 6CD8739725B758B50009F2EC /* ZCPasswordTextField.app */;
			productType = "com.apple.product-type.application";
		};
		6CD873B125B758B90009F2EC /* ZCPasswordTextFieldTests */ = {
			isa = PBXNativeTarget;
			buildConfigurationList = 6CD873C925B758B90009F2EC /* Build configuration list for PBXNativeTarget "ZCPasswordTextFieldTests" */;
			buildPhases = (
				6CD873AE25B758B90009F2EC /* Sources */,
				6CD873AF25B758B90009F2EC /* Frameworks */,
				6CD873B025B758B90009F2EC /* Resources */,
			);
			buildRules = (
			);
			dependencies = (
				6CD873B425B758B90009F2EC /* PBXTargetDependency */,
			);
			name = ZCPasswordTextFieldTests;
			productName = ZCPasswordTextFieldTests;
			productReference = 6CD873B225B758B90009F2EC /* ZCPasswordTextFieldTests.xctest */;
			productType = "com.apple.product-type.bundle.unit-test";
		};
		6CD873BC25B758B90009F2EC /* ZCPasswordTextFieldUITests */ = {
			isa = PBXNativeTarget;
			buildConfigurationList = 6CD873CC25B758B90009F2EC /* Build configuration list for PBXNativeTarget "ZCPasswordTextFieldUITests" */;
			buildPhases = (
				6CD873B925B758B90009F2EC /* Sources */,
				6CD873BA25B758B90009F2EC /* Frameworks */,
				6CD873BB25B758B90009F2EC /* Resources */,
			);
			buildRules = (
			);
			dependencies = (
				6CD873BF25B758B90009F2EC /* PBXTargetDependency */,
			);
			name = ZCPasswordTextFieldUITests;
			productName = ZCPasswordTextFieldUITests;
			productReference = 6CD873BD25B758B90009F2EC /* ZCPasswordTextFieldUITests.xctest */;
			productType = "com.apple.product-type.bundle.ui-testing";
		};
/* End PBXNativeTarget section */

/* Begin PBXProject section */
		6CD8738F25B758B50009F2EC /* Project object */ = {
			isa = PBXProject;
			attributes = {
				LastUpgradeCheck = 1230;
				TargetAttributes = {
					6CD8739625B758B50009F2EC = {
						CreatedOnToolsVersion = 12.3;
					};
					6CD873B125B758B90009F2EC = {
						CreatedOnToolsVersion = 12.3;
						TestTargetID = 6CD8739625B758B50009F2EC;
					};
					6CD873BC25B758B90009F2EC = {
						CreatedOnToolsVersion = 12.3;
						TestTargetID = 6CD8739625B758B50009F2EC;
					};
				};
			};
			buildConfigurationList = 6CD8739225B758B50009F2EC /* Build configuration list for PBXProject "ZCPasswordTextField" */;
			compatibilityVersion = "Xcode 9.3";
			developmentRegion = en;
			hasScannedForEncodings = 0;
			knownRegions = (
				en,
				Base,
			);
			mainGroup = 6CD8738E25B758B50009F2EC;
			productRefGroup = 6CD8739825B758B50009F2EC /* Products */;
			projectDirPath = "";
			projectRoot = "";
			targets = (
				6CD8739625B758B50009F2EC /* ZCPasswordTextField */,
				6CD873B125B758B90009F2EC /* ZCPasswordTextFieldTests */,
				6CD873BC25B758B90009F2EC /* ZCPasswordTextFieldUITests */,
			);
		};
/* End PBXProject section */

/* Begin PBXResourcesBuildPhase section */
		6CD8739525B758B50009F2EC /* Resources */ = {
			isa = PBXResourcesBuildPhase;
			buildActionMask = 2147483647;
			files = (
				6CD873AA25B758B90009F2EC /* LaunchScreen.storyboard in Resources */,
				6CD873A725B758B90009F2EC /* Assets.xcassets in Resources */,
				6CD873A525B758B50009F2EC /* Main.storyboard in Resources */,
			);
			runOnlyForDeploymentPostprocessing = 0;
		};
		6CD873B025B758B90009F2EC /* Resources */ = {
			isa = PBXResourcesBuildPhase;
			buildActionMask = 2147483647;
			files = (
			);
			runOnlyForDeploymentPostprocessing = 0;
		};
		6CD873BB25B758B90009F2EC /* Resources */ = {
			isa = PBXResourcesBuildPhase;
			buildActionMask = 2147483647;
			files = (
			);
			runOnlyForDeploymentPostprocessing = 0;
		};
/* End PBXResourcesBuildPhase section */

/* Begin PBXSourcesBuildPhase section */
		6CD8739325B758B50009F2EC /* Sources */ = {
			isa = PBXSourcesBuildPhase;
			buildActionMask = 2147483647;
			files = (
				6CD873A225B758B50009F2EC /* ViewController.m in Sources */,
				6C6BC3B525D501DE0009CBC5 /* ZCPasswordTextField.m in Sources */,
				6CD8739C25B758B50009F2EC /* AppDelegate.m in Sources */,
				6C6BC3B425D501DE0009CBC5 /* ZCPasswordItem.m in Sources */,
				6C83163B25B81A24008EE08F /* TestViewController.m in Sources */,
				6CD873AD25B758B90009F2EC /* main.m in Sources */,
				6CD8739F25B758B50009F2EC /* SceneDelegate.m in Sources */,
			);
			runOnlyForDeploymentPostprocessing = 0;
		};
		6CD873AE25B758B90009F2EC /* Sources */ = {
			isa = PBXSourcesBuildPhase;
			buildActionMask = 2147483647;
			files = (
				6CD873B725B758B90009F2EC /* ZCPasswordTextFieldTests.m in Sources */,
			);
			runOnlyForDeploymentPostprocessing = 0;
		};
		6CD873B925B758B90009F2EC /* Sources */ = {
			isa = PBXSourcesBuildPhase;
			buildActionMask = 2147483647;
			files = (
				6CD873C225B758B90009F2EC /* ZCPasswordTextFieldUITests.m in Sources */,
			);
			runOnlyForDeploymentPostprocessing = 0;
		};
/* End PBXSourcesBuildPhase section */

/* Begin PBXTargetDependency section */
		6CD873B425B758B90009F2EC /* PBXTargetDependency */ = {
			isa = PBXTargetDependency;
			target = 6CD8739625B758B50009F2EC /* ZCPasswordTextField */;
			targetProxy = 6CD873B325B758B90009F2EC /* PBXContainerItemProxy */;
		};
		6CD873BF25B758B90009F2EC /* PBXTargetDependency */ = {
			isa = PBXTargetDependency;
			target = 6CD8739625B758B50009F2EC /* ZCPasswordTextField */;
			targetProxy = 6CD873BE25B758B90009F2EC /* PBXContainerItemProxy */;
		};
/* End PBXTargetDependency section */

/* Begin PBXVariantGroup section */
		6CD873A325B758B50009F2EC /* Main.storyboard */ = {
			isa = PBXVariantGroup;
			children = (
				6CD873A425B758B50009F2EC /* Base */,
			);
			name = Main.storyboard;
			sourceTree = "<group>";
		};
		6CD873A825B758B90009F2EC /* LaunchScreen.storyboard */ = {
			isa = PBXVariantGroup;
			children = (
				6CD873A925B758B90009F2EC /* Base */,
			);
			name = LaunchScreen.storyboard;
			sourceTree = "<group>";
		};
/* End PBXVariantGroup section */

/* Begin XCBuildConfiguration section */
		6CD873C425B758B90009F2EC /* Debug */ = {
			isa = XCBuildConfiguration;
			buildSettings = {
				ALWAYS_SEARCH_USER_PATHS = NO;
				CLANG_ANALYZER_NONNULL = YES;
				CLANG_ANALYZER_NUMBER_OBJECT_CONVERSION = YES_AGGRESSIVE;
				CLANG_CXX_LANGUAGE_STANDARD = "gnu++14";
				CLANG_CXX_LIBRARY = "libc++";
				CLANG_ENABLE_MODULES = YES;
				CLANG_ENABLE_OBJC_ARC = YES;
				CLANG_ENABLE_OBJC_WEAK = YES;
				CLANG_WARN_BLOCK_CAPTURE_AUTORELEASING = YES;
				CLANG_WARN_BOOL_CONVERSION = YES;
				CLANG_WARN_COMMA = YES;
				CLANG_WARN_CONSTANT_CONVERSION = YES;
				CLANG_WARN_DEPRECATED_OBJC_IMPLEMENTATIONS = YES;
				CLANG_WARN_DIRECT_OBJC_ISA_USAGE = YES_ERROR;
				CLANG_WARN_DOCUMENTATION_COMMENTS = YES;
				CLANG_WARN_EMPTY_BODY = YES;
				CLANG_WARN_ENUM_CONVERSION = YES;
				CLANG_WARN_INFINITE_RECURSION = YES;
				CLANG_WARN_INT_CONVERSION = YES;
				CLANG_WARN_NON_LITERAL_NULL_CONVERSION = YES;
				CLANG_WARN_OBJC_IMPLICIT_RETAIN_SELF = YES;
				CLANG_WARN_OBJC_LITERAL_CONVERSION = YES;
				CLANG_WARN_OBJC_ROOT_CLASS = YES_ERROR;
				CLANG_WARN_QUOTED_INCLUDE_IN_FRAMEWORK_HEADER = YES;
				CLANG_WARN_RANGE_LOOP_ANALYSIS = YES;
				CLANG_WARN_STRICT_PROTOTYPES = YES;
				CLANG_WARN_SUSPICIOUS_MOVE = YES;
				CLANG_WARN_UNGUARDED_AVAILABILITY = YES_AGGRESSIVE;
				CLANG_WARN_UNREACHABLE_CODE = YES;
				CLANG_WARN__DUPLICATE_METHOD_MATCH = YES;
				COPY_PHASE_STRIP = NO;
				DEBUG_INFORMATION_FORMAT = dwarf;
				ENABLE_STRICT_OBJC_MSGSEND = YES;
				ENABLE_TESTABILITY = YES;
				GCC_C_LANGUAGE_STANDARD = gnu11;
				GCC_DYNAMIC_NO_PIC = NO;
				GCC_NO_COMMON_BLOCKS = YES;
				GCC_OPTIMIZATION_LEVEL = 0;
				GCC_PREPROCESSOR_DEFINITIONS = (
					"DEBUG=1",
					"$(inherited)",
				);
				GCC_WARN_64_TO_32_BIT_CONVERSION = YES;
				GCC_WARN_ABOUT_RETURN_TYPE = YES_ERROR;
				GCC_WARN_UNDECLARED_SELECTOR = YES;
				GCC_WARN_UNINITIALIZED_AUTOS = YES_AGGRESSIVE;
				GCC_WARN_UNUSED_FUNCTION = YES;
				GCC_WARN_UNUSED_VARIABLE = YES;
				IPHONEOS_DEPLOYMENT_TARGET = 14.3;
				MTL_ENABLE_DEBUG_INFO = INCLUDE_SOURCE;
				MTL_FAST_MATH = YES;
				ONLY_ACTIVE_ARCH = YES;
				SDKROOT = iphoneos;
			};
			name = Debug;
		};
		6CD873C525B758B90009F2EC /* Release */ = {
			isa = XCBuildConfiguration;
			buildSettings = {
				ALWAYS_SEARCH_USER_PATHS = NO;
				CLANG_ANALYZER_NONNULL = YES;
				CLANG_ANALYZER_NUMBER_OBJECT_CONVERSION = YES_AGGRESSIVE;
				CLANG_CXX_LANGUAGE_STANDARD = "gnu++14";
				CLANG_CXX_LIBRARY = "libc++";
				CLANG_ENABLE_MODULES = YES;
				CLANG_ENABLE_OBJC_ARC = YES;
				CLANG_ENABLE_OBJC_WEAK = YES;
				CLANG_WARN_BLOCK_CAPTURE_AUTORELEASING = YES;
				CLANG_WARN_BOOL_CONVERSION = YES;
				CLANG_WARN_COMMA = YES;
				CLANG_WARN_CONSTANT_CONVERSION = YES;
				CLANG_WARN_DEPRECATED_OBJC_IMPLEMENTATIONS = YES;
				CLANG_WARN_DIRECT_OBJC_ISA_USAGE = YES_ERROR;
				CLANG_WARN_DOCUMENTATION_COMMENTS = YES;
				CLANG_WARN_EMPTY_BODY = YES;
				CLANG_WARN_ENUM_CONVERSION = YES;
				CLANG_WARN_INFINITE_RECURSION = YES;
				CLANG_WARN_INT_CONVERSION = YES;
				CLANG_WARN_NON_LITERAL_NULL_CONVERSION = YES;
				CLANG_WARN_OBJC_IMPLICIT_RETAIN_SELF = YES;
				CLANG_WARN_OBJC_LITERAL_CONVERSION = YES;
				CLANG_WARN_OBJC_ROOT_CLASS = YES_ERROR;
				CLANG_WARN_QUOTED_INCLUDE_IN_FRAMEWORK_HEADER = YES;
				CLANG_WARN_RANGE_LOOP_ANALYSIS = YES;
				CLANG_WARN_STRICT_PROTOTYPES = YES;
				CLANG_WARN_SUSPICIOUS_MOVE = YES;
				CLANG_WARN_UNGUARDED_AVAILABILITY = YES_AGGRESSIVE;
				CLANG_WARN_UNREACHABLE_CODE = YES;
				CLANG_WARN__DUPLICATE_METHOD_MATCH = YES;
				COPY_PHASE_STRIP = NO;
				DEBUG_INFORMATION_FORMAT = "dwarf-with-dsym";
				ENABLE_NS_ASSERTIONS = NO;
				ENABLE_STRICT_OBJC_MSGSEND = YES;
				GCC_C_LANGUAGE_STANDARD = gnu11;
				GCC_NO_COMMON_BLOCKS = YES;
				GCC_WARN_64_TO_32_BIT_CONVERSION = YES;
				GCC_WARN_ABOUT_RETURN_TYPE = YES_ERROR;
				GCC_WARN_UNDECLARED_SELECTOR = YES;
				GCC_WARN_UNINITIALIZED_AUTOS = YES_AGGRESSIVE;
				GCC_WARN_UNUSED_FUNCTION = YES;
				GCC_WARN_UNUSED_VARIABLE = YES;
				IPHONEOS_DEPLOYMENT_TARGET = 14.3;
				MTL_ENABLE_DEBUG_INFO = NO;
				MTL_FAST_MATH = YES;
				SDKROOT = iphoneos;
				VALIDATE_PRODUCT = YES;
			};
			name = Release;
		};
		6CD873C725B758B90009F2EC /* Debug */ = {
			isa = XCBuildConfiguration;
			buildSettings = {
				ASSETCATALOG_COMPILER_APPICON_NAME = AppIcon;
				ASSETCATALOG_COMPILER_GLOBAL_ACCENT_COLOR_NAME = AccentColor;
				CODE_SIGN_STYLE = Automatic;
				INFOPLIST_FILE = ZCPasswordTextField/Info.plist;
				LD_RUNPATH_SEARCH_PATHS = (
					"$(inherited)",
					"@executable_path/Frameworks",
				);
				PRODUCT_BUNDLE_IDENTIFIER = com.Lemon.ZCPasswordTextField;
				PRODUCT_NAME = "$(TARGET_NAME)";
				TARGETED_DEVICE_FAMILY = "1,2";
			};
			name = Debug;
		};
		6CD873C825B758B90009F2EC /* Release */ = {
			isa = XCBuildConfiguration;
			buildSettings = {
				ASSETCATALOG_COMPILER_APPICON_NAME = AppIcon;
				ASSETCATALOG_COMPILER_GLOBAL_ACCENT_COLOR_NAME = AccentColor;
				CODE_SIGN_STYLE = Automatic;
				INFOPLIST_FILE = ZCPasswordTextField/Info.plist;
				LD_RUNPATH_SEARCH_PATHS = (
					"$(inherited)",
					"@executable_path/Frameworks",
				);
				PRODUCT_BUNDLE_IDENTIFIER = com.Lemon.ZCPasswordTextField;
				PRODUCT_NAME = "$(TARGET_NAME)";
				TARGETED_DEVICE_FAMILY = "1,2";
			};
			name = Release;
		};
		6CD873CA25B758B90009F2EC /* Debug */ = {
			isa = XCBuildConfiguration;
			buildSettings = {
				BUNDLE_LOADER = "$(TEST_HOST)";
				CODE_SIGN_STYLE = Automatic;
				INFOPLIST_FILE = ZCPasswordTextFieldTests/Info.plist;
				IPHONEOS_DEPLOYMENT_TARGET = 14.3;
				LD_RUNPATH_SEARCH_PATHS = (
					"$(inherited)",
					"@executable_path/Frameworks",
					"@loader_path/Frameworks",
				);
				PRODUCT_BUNDLE_IDENTIFIER = com.Lemon.ZCPasswordTextFieldTests;
				PRODUCT_NAME = "$(TARGET_NAME)";
				TARGETED_DEVICE_FAMILY = "1,2";
				TEST_HOST = "$(BUILT_PRODUCTS_DIR)/ZCPasswordTextField.app/ZCPasswordTextField";
			};
			name = Debug;
		};
		6CD873CB25B758B90009F2EC /* Release */ = {
			isa = XCBuildConfiguration;
			buildSettings = {
				BUNDLE_LOADER = "$(TEST_HOST)";
				CODE_SIGN_STYLE = Automatic;
				INFOPLIST_FILE = ZCPasswordTextFieldTests/Info.plist;
				IPHONEOS_DEPLOYMENT_TARGET = 14.3;
				LD_RUNPATH_SEARCH_PATHS = (
					"$(inherited)",
					"@executable_path/Frameworks",
					"@loader_path/Frameworks",
				);
				PRODUCT_BUNDLE_IDENTIFIER = com.Lemon.ZCPasswordTextFieldTests;
				PRODUCT_NAME = "$(TARGET_NAME)";
				TARGETED_DEVICE_FAMILY = "1,2";
				TEST_HOST = "$(BUILT_PRODUCTS_DIR)/ZCPasswordTextField.app/ZCPasswordTextField";
			};
			name = Release;
		};
		6CD873CD25B758B90009F2EC /* Debug */ = {
			isa = XCBuildConfiguration;
			buildSettings = {
				CODE_SIGN_STYLE = Automatic;
				INFOPLIST_FILE = ZCPasswordTextFieldUITests/Info.plist;
				LD_RUNPATH_SEARCH_PATHS = (
					"$(inherited)",
					"@executable_path/Frameworks",
					"@loader_path/Frameworks",
				);
				PRODUCT_BUNDLE_IDENTIFIER = com.Lemon.ZCPasswordTextFieldUITests;
				PRODUCT_NAME = "$(TARGET_NAME)";
				TARGETED_DEVICE_FAMILY = "1,2";
				TEST_TARGET_NAME = ZCPasswordTextField;
			};
			name = Debug;
		};
		6CD873CE25B758B90009F2EC /* Release */ = {
			isa = XCBuildConfiguration;
			buildSettings = {
				CODE_SIGN_STYLE = Automatic;
				INFOPLIST_FILE = ZCPasswordTextFieldUITests/Info.plist;
				LD_RUNPATH_SEARCH_PATHS = (
					"$(inherited)",
					"@executable_path/Frameworks",
					"@loader_path/Frameworks",
				);
				PRODUCT_BUNDLE_IDENTIFIER = com.Lemon.ZCPasswordTextFieldUITests;
				PRODUCT_NAME = "$(TARGET_NAME)";
				TARGETED_DEVICE_FAMILY = "1,2";
				TEST_TARGET_NAME = ZCPasswordTextField;
			};
			name = Release;
		};
/* End XCBuildConfiguration section */

/* Begin XCConfigurationList section */
		6CD8739225B758B50009F2EC /* Build configuration list for PBXProject "ZCPasswordTextField" */ = {
			isa = XCConfigurationList;
			buildConfigurations = (
				6CD873C425B758B90009F2EC /* Debug */,
				6CD873C525B758B90009F2EC /* Release */,
			);
			defaultConfigurationIsVisible = 0;
			defaultConfigurationName = Release;
		};
		6CD873C625B758B90009F2EC /* Build configuration list for PBXNativeTarget "ZCPasswordTextField" */ = {
			isa = XCConfigurationList;
			buildConfigurations = (
				6CD873C725B758B90009F2EC /* Debug */,
				6CD873C825B758B90009F2EC /* Release */,
			);
			defaultConfigurationIsVisible = 0;
			defaultConfigurationName = Release;
		};
		6CD873C925B758B90009F2EC /* Build configuration list for PBXNativeTarget "ZCPasswordTextFieldTests" */ = {
			isa = XCConfigurationList;
			buildConfigurations = (
				6CD873CA25B758B90009F2EC /* Debug */,
				6CD873CB25B758B90009F2EC /* Release */,
			);
			defaultConfigurationIsVisible = 0;
			defaultConfigurationName = Release;
		};
		6CD873CC25B758B90009F2EC /* Build configuration list for PBXNativeTarget "ZCPasswordTextFieldUITests" */ = {
			isa = XCConfigurationList;
			buildConfigurations = (
				6CD873CD25B758B90009F2EC /* Debug */,
				6CD873CE25B758B90009F2EC /* Release */,
			);
			defaultConfigurationIsVisible = 0;
			defaultConfigurationName = Release;
		};
/* End XCConfigurationList section */
	};
	rootObject = 6CD8738F25B758B50009F2EC /* Project object */;
}
